// !$*UTF8*$!
{
	archiveVersion = 1;
	classes = {
	};
	objectVersion = 77;
	objects = {

/* Begin PBXBuildFile section */
		9E4703C42E31E19E0000CF24 /* FirebaseAnalytics in Frameworks */ = {isa = PBXBuildFile; productRef = 9E4703C32E31E19E0000CF24 /* FirebaseAnalytics */; };
		9E4703C62E31E19E0000CF24 /* FirebaseCore in Frameworks */ = {isa = PBXBuildFile; productRef = 9E4703C52E31E19E0000CF24 /* FirebaseCore */; };
		9E4703C82E31E19E0000CF24 /* FirebaseCrashlytics in Frameworks */ = {isa = PBXBuildFile; productRef = 9E4703C72E31E19E0000CF24 /* FirebaseCrashlytics */; };
		9E4703CA2E31E19E0000CF24 /* FirebaseMessaging in Frameworks */ = {isa = PBXBuildFile; productRef = 9E4703C92E31E19E0000CF24 /* FirebaseMessaging */; };
		9E7976722DF9475300E27F77 /* iamport-ios in Frameworks */ = {isa = PBXBuildFile; productRef = 9E7976712DF9475300E27F77 /* iamport-ios */; };
		9E7976752DF9476100E27F77 /* Nuke in Frameworks */ = {isa = PBXBuildFile; productRef = 9E7976742DF9476100E27F77 /* Nuke */; };
		9E7976772DF9476100E27F77 /* NukeUI in Frameworks */ = {isa = PBXBuildFile; productRef = 9E7976762DF9476100E27F77 /* NukeUI */; };
		9E79767A2DF9476D00E27F77 /* NukeAlamofirePlugin in Frameworks */ = {isa = PBXBuildFile; productRef = 9E7976792DF9476D00E27F77 /* NukeAlamofirePlugin */; };
		9EF2C42B2E1FA1F6004F5A61 /* SocketIO in Frameworks */ = {isa = PBXBuildFile; productRef = 9EF2C42A2E1FA1F6004F5A61 /* SocketIO */; };
		9EF71E012DCF71F50011A8E1 /* Alamofire in Frameworks */ = {isa = PBXBuildFile; productRef = 9EF71E002DCF71F50011A8E1 /* Alamofire */; };
/* End PBXBuildFile section */

/* Begin PBXContainerItemProxy section */
		9E26F5102DDD60CD00DA244C /* PBXContainerItemProxy */ = {
			isa = PBXContainerItemProxy;
			containerPortal = 9EF71DDE2DCE4AF50011A8E1 /* Project object */;
			proxyType = 1;
			remoteGlobalIDString = 9EF71DE52DCE4AF50011A8E1;
			remoteInfo = "GLINT-iOS";
		};
/* End PBXContainerItemProxy section */

/* Begin PBXFileReference section */
		9E26F50C2DDD60CD00DA244C /* GLINT-iOSTests.xctest */ = {isa = PBXFileReference; explicitFileType = wrapper.cfbundle; includeInIndex = 0; path = "GLINT-iOSTests.xctest"; sourceTree = BUILT_PRODUCTS_DIR; };
		9EF2C1EB2E1F89EB004F5A61 /* GLINT-iOS.xcodeproj */ = {isa = PBXFileReference; lastKnownFileType = "wrapper.pb-project"; path = "GLINT-iOS.xcodeproj"; sourceTree = "<group>"; };
		9EF71DE62DCE4AF50011A8E1 /* GLINT-iOS.app */ = {isa = PBXFileReference; explicitFileType = wrapper.application; includeInIndex = 0; path = "GLINT-iOS.app"; sourceTree = BUILT_PRODUCTS_DIR; };
/* End PBXFileReference section */

/* Begin PBXFileSystemSynchronizedBuildFileExceptionSet section */
		9EF71DFE2DCE577F0011A8E1 /* Exceptions for "GLINT-iOS" folder in "GLINT-iOS" target */ = {
			isa = PBXFileSystemSynchronizedBuildFileExceptionSet;
			membershipExceptions = (
				App/Info.plist,
			);
			target = 9EF71DE52DCE4AF50011A8E1 /* GLINT-iOS */;
		};
/* End PBXFileSystemSynchronizedBuildFileExceptionSet section */

/* Begin PBXFileSystemSynchronizedRootGroup section */
		9E26F50D2DDD60CD00DA244C /* GLINT-iOSTests */ = {
			isa = PBXFileSystemSynchronizedRootGroup;
			path = "GLINT-iOSTests";
			sourceTree = "<group>";
		};
		9EF71DE82DCE4AF50011A8E1 /* GLINT-iOS */ = {
			isa = PBXFileSystemSynchronizedRootGroup;
			exceptions = (
				9EF71DFE2DCE577F0011A8E1 /* Exceptions for "GLINT-iOS" folder in "GLINT-iOS" target */,
			);
			path = "GLINT-iOS";
			sourceTree = "<group>";
		};
/* End PBXFileSystemSynchronizedRootGroup section */

/* Begin PBXFrameworksBuildPhase section */
		9E26F5092DDD60CD00DA244C /* Frameworks */ = {
			isa = PBXFrameworksBuildPhase;
			buildActionMask = 2147483647;
			files = (
			);
			runOnlyForDeploymentPostprocessing = 0;
		};
		9EF71DE32DCE4AF50011A8E1 /* Frameworks */ = {
			isa = PBXFrameworksBuildPhase;
			buildActionMask = 2147483647;
			files = (
				9E4703C42E31E19E0000CF24 /* FirebaseAnalytics in Frameworks */,
				9E7976752DF9476100E27F77 /* Nuke in Frameworks */,
				9E4703CA2E31E19E0000CF24 /* FirebaseMessaging in Frameworks */,
				9EF71E012DCF71F50011A8E1 /* Alamofire in Frameworks */,
				9E7976722DF9475300E27F77 /* iamport-ios in Frameworks */,
				9E7976772DF9476100E27F77 /* NukeUI in Frameworks */,
				9E79767A2DF9476D00E27F77 /* NukeAlamofirePlugin in Frameworks */,
				9E4703C82E31E19E0000CF24 /* FirebaseCrashlytics in Frameworks */,
				9E4703C62E31E19E0000CF24 /* FirebaseCore in Frameworks */,
				9EF2C42B2E1FA1F6004F5A61 /* SocketIO in Frameworks */,
			);
			runOnlyForDeploymentPostprocessing = 0;
		};
/* End PBXFrameworksBuildPhase section */

/* Begin PBXGroup section */
		9EF2C1EC2E1F89EB004F5A61 /* Products */ = {
			isa = PBXGroup;
			name = Products;
			sourceTree = "<group>";
		};
		9EF71DDD2DCE4AF50011A8E1 = {
			isa = PBXGroup;
			children = (
				9EF71DE82DCE4AF50011A8E1 /* GLINT-iOS */,
				9E26F50D2DDD60CD00DA244C /* GLINT-iOSTests */,
				9EF71DE72DCE4AF50011A8E1 /* Products */,
			);
			sourceTree = "<group>";
		};
		9EF71DE72DCE4AF50011A8E1 /* Products */ = {
			isa = PBXGroup;
			children = (
				9EF71DE62DCE4AF50011A8E1 /* GLINT-iOS.app */,
				9E26F50C2DDD60CD00DA244C /* GLINT-iOSTests.xctest */,
			);
			name = Products;
			sourceTree = "<group>";
		};
/* End PBXGroup section */

/* Begin PBXNativeTarget section */
		9E26F50B2DDD60CD00DA244C /* GLINT-iOSTests */ = {
			isa = PBXNativeTarget;
			buildConfigurationList = 9E26F5142DDD60CD00DA244C /* Build configuration list for PBXNativeTarget "GLINT-iOSTests" */;
			buildPhases = (
				9E26F5082DDD60CD00DA244C /* Sources */,
				9E26F5092DDD60CD00DA244C /* Frameworks */,
				9E26F50A2DDD60CD00DA244C /* Resources */,
			);
			buildRules = (
			);
			dependencies = (
				9E26F5112DDD60CD00DA244C /* PBXTargetDependency */,
			);
			fileSystemSynchronizedGroups = (
				9E26F50D2DDD60CD00DA244C /* GLINT-iOSTests */,
			);
			name = "GLINT-iOSTests";
			packageProductDependencies = (
			);
			productName = "GLINT-iOSTests";
			productReference = 9E26F50C2DDD60CD00DA244C /* GLINT-iOSTests.xctest */;
			productType = "com.apple.product-type.bundle.unit-test";
		};
		9EF71DE52DCE4AF50011A8E1 /* GLINT-iOS */ = {
			isa = PBXNativeTarget;
			buildConfigurationList = 9EF71DF42DCE4AF60011A8E1 /* Build configuration list for PBXNativeTarget "GLINT-iOS" */;
			buildPhases = (
				9EF71DE22DCE4AF50011A8E1 /* Sources */,
				9EF71DE32DCE4AF50011A8E1 /* Frameworks */,
				9EF71DE42DCE4AF50011A8E1 /* Resources */,
			);
			buildRules = (
			);
			dependencies = (
			);
			fileSystemSynchronizedGroups = (
				9EF71DE82DCE4AF50011A8E1 /* GLINT-iOS */,
			);
			name = "GLINT-iOS";
			packageProductDependencies = (
				9EF71E002DCF71F50011A8E1 /* Alamofire */,
				9E7976712DF9475300E27F77 /* iamport-ios */,
				9E7976742DF9476100E27F77 /* Nuke */,
				9E7976762DF9476100E27F77 /* NukeUI */,
				9E7976792DF9476D00E27F77 /* NukeAlamofirePlugin */,
				9EF2C42A2E1FA1F6004F5A61 /* SocketIO */,
				9E4703C32E31E19E0000CF24 /* FirebaseAnalytics */,
				9E4703C52E31E19E0000CF24 /* FirebaseCore */,
				9E4703C72E31E19E0000CF24 /* FirebaseCrashlytics */,
				9E4703C92E31E19E0000CF24 /* FirebaseMessaging */,
			);
			productName = "GLINT-iOS";
			productReference = 9EF71DE62DCE4AF50011A8E1 /* GLINT-iOS.app */;
			productType = "com.apple.product-type.application";
		};
/* End PBXNativeTarget section */

/* Begin PBXProject section */
		9EF71DDE2DCE4AF50011A8E1 /* Project object */ = {
			isa = PBXProject;
			attributes = {
				BuildIndependentTargetsInParallel = 1;
				LastSwiftUpdateCheck = 1610;
				LastUpgradeCheck = 1610;
				TargetAttributes = {
					9E26F50B2DDD60CD00DA244C = {
						CreatedOnToolsVersion = 16.1;
						TestTargetID = 9EF71DE52DCE4AF50011A8E1;
					};
					9EF71DE52DCE4AF50011A8E1 = {
						CreatedOnToolsVersion = 16.1;
					};
				};
			};
			buildConfigurationList = 9EF71DE12DCE4AF50011A8E1 /* Build configuration list for PBXProject "GLINT-iOS" */;
			developmentRegion = en;
			hasScannedForEncodings = 0;
			knownRegions = (
				en,
				Base,
			);
			mainGroup = 9EF71DDD2DCE4AF50011A8E1;
			minimizedProjectReferenceProxies = 1;
			packageReferences = (
				9EF71DFF2DCF71F50011A8E1 /* XCRemoteSwiftPackageReference "Alamofire" */,
				9E7976702DF9475300E27F77 /* XCRemoteSwiftPackageReference "iamport-ios" */,
				9E7976732DF9476100E27F77 /* XCRemoteSwiftPackageReference "Nuke" */,
				9E7976782DF9476D00E27F77 /* XCRemoteSwiftPackageReference "Nuke-Alamofire-Plugin" */,
				9EF2C4292E1FA1F5004F5A61 /* XCRemoteSwiftPackageReference "socket.io-client-swift" */,
				9E4703C22E31E19E0000CF24 /* XCRemoteSwiftPackageReference "firebase-ios-sdk" */,
			);
			preferredProjectObjectVersion = 77;
			productRefGroup = 9EF71DE72DCE4AF50011A8E1 /* Products */;
			projectDirPath = "";
			projectReferences = (
				{
					ProductGroup = 9EF2C1EC2E1F89EB004F5A61 /* Products */;
					ProjectRef = 9EF2C1EB2E1F89EB004F5A61 /* GLINT-iOS.xcodeproj */;
				},
			);
			projectRoot = "";
			targets = (
				9EF71DE52DCE4AF50011A8E1 /* GLINT-iOS */,
				9E26F50B2DDD60CD00DA244C /* GLINT-iOSTests */,
			);
		};
/* End PBXProject section */

/* Begin PBXResourcesBuildPhase section */
		9E26F50A2DDD60CD00DA244C /* Resources */ = {
			isa = PBXResourcesBuildPhase;
			buildActionMask = 2147483647;
			files = (
			);
			runOnlyForDeploymentPostprocessing = 0;
		};
		9EF71DE42DCE4AF50011A8E1 /* Resources */ = {
			isa = PBXResourcesBuildPhase;
			buildActionMask = 2147483647;
			files = (
			);
			runOnlyForDeploymentPostprocessing = 0;
		};
/* End PBXResourcesBuildPhase section */

/* Begin PBXSourcesBuildPhase section */
		9E26F5082DDD60CD00DA244C /* Sources */ = {
			isa = PBXSourcesBuildPhase;
			buildActionMask = 2147483647;
			files = (
			);
			runOnlyForDeploymentPostprocessing = 0;
		};
		9EF71DE22DCE4AF50011A8E1 /* Sources */ = {
			isa = PBXSourcesBuildPhase;
			buildActionMask = 2147483647;
			files = (
			);
			runOnlyForDeploymentPostprocessing = 0;
		};
/* End PBXSourcesBuildPhase section */

/* Begin PBXTargetDependency section */
		9E26F5112DDD60CD00DA244C /* PBXTargetDependency */ = {
			isa = PBXTargetDependency;
			target = 9EF71DE52DCE4AF50011A8E1 /* GLINT-iOS */;
			targetProxy = 9E26F5102DDD60CD00DA244C /* PBXContainerItemProxy */;
		};
/* End PBXTargetDependency section */

/* Begin XCBuildConfiguration section */
		9E26F5122DDD60CD00DA244C /* Debug */ = {
			isa = XCBuildConfiguration;
			buildSettings = {
				BUNDLE_LOADER = "$(TEST_HOST)";
				CODE_SIGN_STYLE = Automatic;
				CURRENT_PROJECT_VERSION = 1;
				DEVELOPMENT_TEAM = A95XXD5WT7;
				GENERATE_INFOPLIST_FILE = YES;
				IPHONEOS_DEPLOYMENT_TARGET = 18.1;
				MACOSX_DEPLOYMENT_TARGET = 15.1;
				MARKETING_VERSION = 1.0;
				PRODUCT_BUNDLE_IDENTIFIER = "com.psy.GLINT-iOSTests";
				PRODUCT_NAME = "$(TARGET_NAME)";
				SDKROOT = auto;
				SUPPORTED_PLATFORMS = "iphoneos iphonesimulator macosx xros xrsimulator";
				SWIFT_EMIT_LOC_STRINGS = NO;
				SWIFT_VERSION = 5.0;
				TARGETED_DEVICE_FAMILY = "1,2,7";
				TEST_HOST = "$(BUILT_PRODUCTS_DIR)/GLINT-iOS.app/$(BUNDLE_EXECUTABLE_FOLDER_PATH)/GLINT-iOS";
				XROS_DEPLOYMENT_TARGET = 2.1;
			};
			name = Debug;
		};
		9E26F5132DDD60CD00DA244C /* Release */ = {
			isa = XCBuildConfiguration;
			buildSettings = {
				BUNDLE_LOADER = "$(TEST_HOST)";
				CODE_SIGN_STYLE = Automatic;
				CURRENT_PROJECT_VERSION = 1;
				DEVELOPMENT_TEAM = A95XXD5WT7;
				GENERATE_INFOPLIST_FILE = YES;
				IPHONEOS_DEPLOYMENT_TARGET = 18.1;
				MACOSX_DEPLOYMENT_TARGET = 15.1;
				MARKETING_VERSION = 1.0;
				PRODUCT_BUNDLE_IDENTIFIER = "com.psy.GLINT-iOSTests";
				PRODUCT_NAME = "$(TARGET_NAME)";
				SDKROOT = auto;
				SUPPORTED_PLATFORMS = "iphoneos iphonesimulator macosx xros xrsimulator";
				SWIFT_EMIT_LOC_STRINGS = NO;
				SWIFT_VERSION = 5.0;
				TARGETED_DEVICE_FAMILY = "1,2,7";
				TEST_HOST = "$(BUILT_PRODUCTS_DIR)/GLINT-iOS.app/$(BUNDLE_EXECUTABLE_FOLDER_PATH)/GLINT-iOS";
				XROS_DEPLOYMENT_TARGET = 2.1;
			};
			name = Release;
		};
		9EF71DF22DCE4AF60011A8E1 /* Debug */ = {
			isa = XCBuildConfiguration;
			buildSettings = {
				ALWAYS_SEARCH_USER_PATHS = NO;
				ASSETCATALOG_COMPILER_GENERATE_SWIFT_ASSET_SYMBOL_EXTENSIONS = YES;
				CLANG_ANALYZER_NONNULL = YES;
				CLANG_ANALYZER_NUMBER_OBJECT_CONVERSION = YES_AGGRESSIVE;
				CLANG_CXX_LANGUAGE_STANDARD = "gnu++20";
				CLANG_ENABLE_MODULES = YES;
				CLANG_ENABLE_OBJC_ARC = YES;
				CLANG_ENABLE_OBJC_WEAK = YES;
				CLANG_WARN_BLOCK_CAPTURE_AUTORELEASING = YES;
				CLANG_WARN_BOOL_CONVERSION = YES;
				CLANG_WARN_COMMA = YES;
				CLANG_WARN_CONSTANT_CONVERSION = YES;
				CLANG_WARN_DEPRECATED_OBJC_IMPLEMENTATIONS = YES;
				CLANG_WARN_DIRECT_OBJC_ISA_USAGE = YES_ERROR;
				CLANG_WARN_DOCUMENTATION_COMMENTS = YES;
				CLANG_WARN_EMPTY_BODY = YES;
				CLANG_WARN_ENUM_CONVERSION = YES;
				CLANG_WARN_INFINITE_RECURSION = YES;
				CLANG_WARN_INT_CONVERSION = YES;
				CLANG_WARN_NON_LITERAL_NULL_CONVERSION = YES;
				CLANG_WARN_OBJC_IMPLICIT_RETAIN_SELF = YES;
				CLANG_WARN_OBJC_LITERAL_CONVERSION = YES;
				CLANG_WARN_OBJC_ROOT_CLASS = YES_ERROR;
				CLANG_WARN_QUOTED_INCLUDE_IN_FRAMEWORK_HEADER = YES;
				CLANG_WARN_RANGE_LOOP_ANALYSIS = YES;
				CLANG_WARN_STRICT_PROTOTYPES = YES;
				CLANG_WARN_SUSPICIOUS_MOVE = YES;
				CLANG_WARN_UNGUARDED_AVAILABILITY = YES_AGGRESSIVE;
				CLANG_WARN_UNREACHABLE_CODE = YES;
				CLANG_WARN__DUPLICATE_METHOD_MATCH = YES;
				COPY_PHASE_STRIP = NO;
				DEBUG_INFORMATION_FORMAT = dwarf;
				ENABLE_STRICT_OBJC_MSGSEND = YES;
				ENABLE_TESTABILITY = YES;
				ENABLE_USER_SCRIPT_SANDBOXING = YES;
				GCC_C_LANGUAGE_STANDARD = gnu17;
				GCC_DYNAMIC_NO_PIC = NO;
				GCC_NO_COMMON_BLOCKS = YES;
				GCC_OPTIMIZATION_LEVEL = 0;
				GCC_PREPROCESSOR_DEFINITIONS = (
					"DEBUG=1",
					"$(inherited)",
				);
				GCC_WARN_64_TO_32_BIT_CONVERSION = YES;
				GCC_WARN_ABOUT_RETURN_TYPE = YES_ERROR;
				GCC_WARN_UNDECLARED_SELECTOR = YES;
				GCC_WARN_UNINITIALIZED_AUTOS = YES_AGGRESSIVE;
				GCC_WARN_UNUSED_FUNCTION = YES;
				GCC_WARN_UNUSED_VARIABLE = YES;
				IPHONEOS_DEPLOYMENT_TARGET = 18.1;
				LOCALIZATION_PREFERS_STRING_CATALOGS = YES;
				MTL_ENABLE_DEBUG_INFO = INCLUDE_SOURCE;
				MTL_FAST_MATH = YES;
				ONLY_ACTIVE_ARCH = YES;
				SDKROOT = iphoneos;
				SWIFT_ACTIVE_COMPILATION_CONDITIONS = "DEBUG $(inherited)";
				SWIFT_OPTIMIZATION_LEVEL = "-Onone";
			};
			name = Debug;
		};
		9EF71DF32DCE4AF60011A8E1 /* Release */ = {
			isa = XCBuildConfiguration;
			buildSettings = {
				ALWAYS_SEARCH_USER_PATHS = NO;
				ASSETCATALOG_COMPILER_GENERATE_SWIFT_ASSET_SYMBOL_EXTENSIONS = YES;
				CLANG_ANALYZER_NONNULL = YES;
				CLANG_ANALYZER_NUMBER_OBJECT_CONVERSION = YES_AGGRESSIVE;
				CLANG_CXX_LANGUAGE_STANDARD = "gnu++20";
				CLANG_ENABLE_MODULES = YES;
				CLANG_ENABLE_OBJC_ARC = YES;
				CLANG_ENABLE_OBJC_WEAK = YES;
				CLANG_WARN_BLOCK_CAPTURE_AUTORELEASING = YES;
				CLANG_WARN_BOOL_CONVERSION = YES;
				CLANG_WARN_COMMA = YES;
				CLANG_WARN_CONSTANT_CONVERSION = YES;
				CLANG_WARN_DEPRECATED_OBJC_IMPLEMENTATIONS = YES;
				CLANG_WARN_DIRECT_OBJC_ISA_USAGE = YES_ERROR;
				CLANG_WARN_DOCUMENTATION_COMMENTS = YES;
				CLANG_WARN_EMPTY_BODY = YES;
				CLANG_WARN_ENUM_CONVERSION = YES;
				CLANG_WARN_INFINITE_RECURSION = YES;
				CLANG_WARN_INT_CONVERSION = YES;
				CLANG_WARN_NON_LITERAL_NULL_CONVERSION = YES;
				CLANG_WARN_OBJC_IMPLICIT_RETAIN_SELF = YES;
				CLANG_WARN_OBJC_LITERAL_CONVERSION = YES;
				CLANG_WARN_OBJC_ROOT_CLASS = YES_ERROR;
				CLANG_WARN_QUOTED_INCLUDE_IN_FRAMEWORK_HEADER = YES;
				CLANG_WARN_RANGE_LOOP_ANALYSIS = YES;
				CLANG_WARN_STRICT_PROTOTYPES = YES;
				CLANG_WARN_SUSPICIOUS_MOVE = YES;
				CLANG_WARN_UNGUARDED_AVAILABILITY = YES_AGGRESSIVE;
				CLANG_WARN_UNREACHABLE_CODE = YES;
				CLANG_WARN__DUPLICATE_METHOD_MATCH = YES;
				COPY_PHASE_STRIP = NO;
				DEBUG_INFORMATION_FORMAT = "dwarf-with-dsym";
				ENABLE_NS_ASSERTIONS = NO;
				ENABLE_STRICT_OBJC_MSGSEND = YES;
				ENABLE_USER_SCRIPT_SANDBOXING = YES;
				GCC_C_LANGUAGE_STANDARD = gnu17;
				GCC_NO_COMMON_BLOCKS = YES;
				GCC_WARN_64_TO_32_BIT_CONVERSION = YES;
				GCC_WARN_ABOUT_RETURN_TYPE = YES_ERROR;
				GCC_WARN_UNDECLARED_SELECTOR = YES;
				GCC_WARN_UNINITIALIZED_AUTOS = YES_AGGRESSIVE;
				GCC_WARN_UNUSED_FUNCTION = YES;
				GCC_WARN_UNUSED_VARIABLE = YES;
				IPHONEOS_DEPLOYMENT_TARGET = 18.1;
				LOCALIZATION_PREFERS_STRING_CATALOGS = YES;
				MTL_ENABLE_DEBUG_INFO = NO;
				MTL_FAST_MATH = YES;
				SDKROOT = iphoneos;
				SWIFT_COMPILATION_MODE = wholemodule;
				VALIDATE_PRODUCT = YES;
			};
			name = Release;
		};
		9EF71DF52DCE4AF60011A8E1 /* Debug */ = {
			isa = XCBuildConfiguration;
			baseConfigurationReferenceAnchor = 9EF71DE82DCE4AF50011A8E1 /* GLINT-iOS */;
			baseConfigurationReferenceRelativePath = App/Setting/Secret.xcconfig;
			buildSettings = {
				ASSETCATALOG_COMPILER_APPICON_NAME = AppIcon;
				ASSETCATALOG_COMPILER_GLOBAL_ACCENT_COLOR_NAME = AccentColor;
				CODE_SIGN_ENTITLEMENTS = "GLINT-iOS/GLINT-iOS.entitlements";
				CODE_SIGN_STYLE = Automatic;
				CURRENT_PROJECT_VERSION = 1;
				DEVELOPMENT_ASSET_PATHS = "\"GLINT-iOS/Resource/Preview Content\"";
				DEVELOPMENT_TEAM = A95XXD5WT7;
				ENABLE_PREVIEWS = YES;
				GENERATE_INFOPLIST_FILE = YES;
				INFOPLIST_FILE = "GLINT-iOS/App/Info.plist";
				INFOPLIST_KEY_CFBundleDisplayName = GLINT;
				INFOPLIST_KEY_UIApplicationSceneManifest_Generation = YES;
				INFOPLIST_KEY_UIApplicationSupportsIndirectInputEvents = YES;
				INFOPLIST_KEY_UILaunchScreen_Generation = YES;
				INFOPLIST_KEY_UISupportedInterfaceOrientations = UIInterfaceOrientationPortrait;
				INFOPLIST_KEY_UISupportedInterfaceOrientations_iPad = "UIInterfaceOrientationLandscapeLeft UIInterfaceOrientationLandscapeRight UIInterfaceOrientationPortrait UIInterfaceOrientationPortraitUpsideDown";
				INFOPLIST_KEY_UIUserInterfaceStyle = Light;
				IPHONEOS_DEPLOYMENT_TARGET = 17.0;
				LD_RUNPATH_SEARCH_PATHS = (
					"$(inherited)",
					"@executable_path/Frameworks",
				);
				MARKETING_VERSION = 1.0;
				PRODUCT_BUNDLE_IDENTIFIER = "com.parksy.GLINT-iOS";
				PRODUCT_NAME = "$(TARGET_NAME)";
				SUPPORTED_PLATFORMS = "iphoneos iphonesimulator";
				SUPPORTS_MACCATALYST = NO;
				SUPPORTS_MAC_DESIGNED_FOR_IPHONE_IPAD = NO;
				SUPPORTS_XR_DESIGNED_FOR_IPHONE_IPAD = NO;
				SWIFT_EMIT_LOC_STRINGS = YES;
				SWIFT_VERSION = 5.0;
				TARGETED_DEVICE_FAMILY = 1;
			};
			name = Debug;
		};
		9EF71DF62DCE4AF60011A8E1 /* Release */ = {
			isa = XCBuildConfiguration;
			baseConfigurationReferenceAnchor = 9EF71DE82DCE4AF50011A8E1 /* GLINT-iOS */;
			baseConfigurationReferenceRelativePath = App/Setting/Secret.xcconfig;
			buildSettings = {
				ASSETCATALOG_COMPILER_APPICON_NAME = AppIcon;
				ASSETCATALOG_COMPILER_GLOBAL_ACCENT_COLOR_NAME = AccentColor;
				CODE_SIGN_ENTITLEMENTS = "GLINT-iOS/GLINT-iOS.entitlements";
				CODE_SIGN_STYLE = Automatic;
				CURRENT_PROJECT_VERSION = 1;
				DEVELOPMENT_ASSET_PATHS = "\"GLINT-iOS/Resource/Preview Content\"";
				DEVELOPMENT_TEAM = A95XXD5WT7;
				ENABLE_PREVIEWS = YES;
				GENERATE_INFOPLIST_FILE = YES;
				INFOPLIST_FILE = "GLINT-iOS/App/Info.plist";
				INFOPLIST_KEY_CFBundleDisplayName = GLINT;
				INFOPLIST_KEY_UIApplicationSceneManifest_Generation = YES;
				INFOPLIST_KEY_UIApplicationSupportsIndirectInputEvents = YES;
				INFOPLIST_KEY_UILaunchScreen_Generation = YES;
				INFOPLIST_KEY_UISupportedInterfaceOrientations = UIInterfaceOrientationPortrait;
				INFOPLIST_KEY_UISupportedInterfaceOrientations_iPad = "UIInterfaceOrientationLandscapeLeft UIInterfaceOrientationLandscapeRight UIInterfaceOrientationPortrait UIInterfaceOrientationPortraitUpsideDown";
				INFOPLIST_KEY_UIUserInterfaceStyle = Light;
				IPHONEOS_DEPLOYMENT_TARGET = 17.0;
				LD_RUNPATH_SEARCH_PATHS = (
					"$(inherited)",
					"@executable_path/Frameworks",
				);
				MARKETING_VERSION = 1.0;
				PRODUCT_BUNDLE_IDENTIFIER = "com.parksy.GLINT-iOS";
				PRODUCT_NAME = "$(TARGET_NAME)";
				SUPPORTED_PLATFORMS = "iphoneos iphonesimulator";
				SUPPORTS_MACCATALYST = NO;
				SUPPORTS_MAC_DESIGNED_FOR_IPHONE_IPAD = NO;
				SUPPORTS_XR_DESIGNED_FOR_IPHONE_IPAD = NO;
				SWIFT_EMIT_LOC_STRINGS = YES;
				SWIFT_VERSION = 5.0;
				TARGETED_DEVICE_FAMILY = 1;
			};
			name = Release;
		};
/* End XCBuildConfiguration section */

/* Begin XCConfigurationList section */
		9E26F5142DDD60CD00DA244C /* Build configuration list for PBXNativeTarget "GLINT-iOSTests" */ = {
			isa = XCConfigurationList;
			buildConfigurations = (
				9E26F5122DDD60CD00DA244C /* Debug */,
				9E26F5132DDD60CD00DA244C /* Release */,
			);
			defaultConfigurationIsVisible = 0;
			defaultConfigurationName = Release;
		};
		9EF71DE12DCE4AF50011A8E1 /* Build configuration list for PBXProject "GLINT-iOS" */ = {
			isa = XCConfigurationList;
			buildConfigurations = (
				9EF71DF22DCE4AF60011A8E1 /* Debug */,
				9EF71DF32DCE4AF60011A8E1 /* Release */,
			);
			defaultConfigurationIsVisible = 0;
			defaultConfigurationName = Release;
		};
		9EF71DF42DCE4AF60011A8E1 /* Build configuration list for PBXNativeTarget "GLINT-iOS" */ = {
			isa = XCConfigurationList;
			buildConfigurations = (
				9EF71DF52DCE4AF60011A8E1 /* Debug */,
				9EF71DF62DCE4AF60011A8E1 /* Release */,
			);
			defaultConfigurationIsVisible = 0;
			defaultConfigurationName = Release;
		};
/* End XCConfigurationList section */

/* Begin XCRemoteSwiftPackageReference section */
		9E4703C22E31E19E0000CF24 /* XCRemoteSwiftPackageReference "firebase-ios-sdk" */ = {
			isa = XCRemoteSwiftPackageReference;
			repositoryURL = "https://github.com/firebase/firebase-ios-sdk.git";
			requirement = {
				kind = upToNextMajorVersion;
				minimumVersion = 12.0.0;
			};
		};
		9E7976702DF9475300E27F77 /* XCRemoteSwiftPackageReference "iamport-ios" */ = {
			isa = XCRemoteSwiftPackageReference;
			repositoryURL = "https://github.com/iamport/iamport-ios.git";
			requirement = {
				kind = upToNextMajorVersion;
				minimumVersion = 1.4.7;
			};
		};
		9E7976732DF9476100E27F77 /* XCRemoteSwiftPackageReference "Nuke" */ = {
			isa = XCRemoteSwiftPackageReference;
			repositoryURL = "https://github.com/kean/Nuke.git";
			requirement = {
				kind = upToNextMajorVersion;
				minimumVersion = 12.8.0;
			};
		};
		9E7976782DF9476D00E27F77 /* XCRemoteSwiftPackageReference "Nuke-Alamofire-Plugin" */ = {
			isa = XCRemoteSwiftPackageReference;
			repositoryURL = "https://github.com/kean/Nuke-Alamofire-Plugin.git";
			requirement = {
				kind = upToNextMajorVersion;
				minimumVersion = 8.0.0;
			};
		};
		9EF2C4292E1FA1F5004F5A61 /* XCRemoteSwiftPackageReference "socket.io-client-swift" */ = {
			isa = XCRemoteSwiftPackageReference;
			repositoryURL = "https://github.com/socketio/socket.io-client-swift.git";
			requirement = {
				kind = exactVersion;
				version = 16.1.1;
			};
		};
		9EF71DFF2DCF71F50011A8E1 /* XCRemoteSwiftPackageReference "Alamofire" */ = {
			isa = XCRemoteSwiftPackageReference;
			repositoryURL = "https://github.com/Alamofire/Alamofire.git";
			requirement = {
				kind = upToNextMajorVersion;
				minimumVersion = 5.10.2;
			};
		};
/* End XCRemoteSwiftPackageReference section */

/* Begin XCSwiftPackageProductDependency section */
		9E4703C32E31E19E0000CF24 /* FirebaseAnalytics */ = {
			isa = XCSwiftPackageProductDependency;
			package = 9E4703C22E31E19E0000CF24 /* XCRemoteSwiftPackageReference "firebase-ios-sdk" */;
			productName = FirebaseAnalytics;
		};
		9E4703C52E31E19E0000CF24 /* FirebaseCore */ = {
			isa = XCSwiftPackageProductDependency;
			package = 9E4703C22E31E19E0000CF24 /* XCRemoteSwiftPackageReference "firebase-ios-sdk" */;
			productName = FirebaseCore;
		};
		9E4703C72E31E19E0000CF24 /* FirebaseCrashlytics */ = {
			isa = XCSwiftPackageProductDependency;
			package = 9E4703C22E31E19E0000CF24 /* XCRemoteSwiftPackageReference "firebase-ios-sdk" */;
			productName = FirebaseCrashlytics;
		};
		9E4703C92E31E19E0000CF24 /* FirebaseMessaging */ = {
			isa = XCSwiftPackageProductDependency;
			package = 9E4703C22E31E19E0000CF24 /* XCRemoteSwiftPackageReference "firebase-ios-sdk" */;
			productName = FirebaseMessaging;
		};
		9E7976712DF9475300E27F77 /* iamport-ios */ = {
			isa = XCSwiftPackageProductDependency;
			package = 9E7976702DF9475300E27F77 /* XCRemoteSwiftPackageReference "iamport-ios" */;
			productName = "iamport-ios";
		};
		9E7976742DF9476100E27F77 /* Nuke */ = {
			isa = XCSwiftPackageProductDependency;
			package = 9E7976732DF9476100E27F77 /* XCRemoteSwiftPackageReference "Nuke" */;
			productName = Nuke;
		};
		9E7976762DF9476100E27F77 /* NukeUI */ = {
			isa = XCSwiftPackageProductDependency;
			package = 9E7976732DF9476100E27F77 /* XCRemoteSwiftPackageReference "Nuke" */;
			productName = NukeUI;
		};
		9E7976792DF9476D00E27F77 /* NukeAlamofirePlugin */ = {
			isa = XCSwiftPackageProductDependency;
			package = 9E7976782DF9476D00E27F77 /* XCRemoteSwiftPackageReference "Nuke-Alamofire-Plugin" */;
			productName = NukeAlamofirePlugin;
		};
		9EF2C42A2E1FA1F6004F5A61 /* SocketIO */ = {
			isa = XCSwiftPackageProductDependency;
			package = 9EF2C4292E1FA1F5004F5A61 /* XCRemoteSwiftPackageReference "socket.io-client-swift" */;
			productName = SocketIO;
		};
		9EF71E002DCF71F50011A8E1 /* Alamofire */ = {
			isa = XCSwiftPackageProductDependency;
			package = 9EF71DFF2DCF71F50011A8E1 /* XCRemoteSwiftPackageReference "Alamofire" */;
			productName = Alamofire;
		};
/* End XCSwiftPackageProductDependency section */
	};
	rootObject = 9EF71DDE2DCE4AF50011A8E1 /* Project object */;
}
